uuid: 3be64c9c-8189-4ecc-9549-5ba8e946985d
langcode: en
status: true
dependencies:
  module:
    - block_visibility_groups
    - ceres_core
    - system
  theme:
    - ceres
id: user_register_block
theme: ceres
region: content
weight: -18
provider: null
plugin: user_register_block
settings:
  id: user_register_block
  label: 'User Register block'
  provider: ceres_core
  label_display: '0'
  content:
    body: 'To view report summaries and download full reports, you’ll need to create an account or log in. To create an account, please fill out the form below. If you already have an account, click the “Log In” link above.'
visibility:
  condition_group:
    id: condition_group
    negate: false
    block_visibility_group: ''
    context_mapping: {  }
  request_path:
    id: request_path
    pages: /user/register
    negate: false
    context_mapping: {  }
